
Microsoft Visual Studio Solution File, Format Version 12.00
# Visual Studio Version 16
VisualStudioVersion = 16.0.31112.23
MinimumVisualStudioVersion = 10.0.40219.1
Project("{FAE04EC0-301F-11D3-BF4B-00C04F79EFBC}") = "CLKasperskyText", "CLKasperskyText\CLKasperskyText.csproj", "{C17EC228-8AF4-4161-BD35-BF11DDB3BDF5}"
EndProject
Project("{FAE04EC0-301F-11D3-BF4B-00C04F79EFBC}") = "KasperskyText", "KasperskyText\KasperskyText.csproj", "{7ABA9CDD-89E8-49F5-9577-04399165BC50}"
EndProject
Global
	GlobalSection(SolutionConfigurationPlatforms) = preSolution
		Debug|Any CPU = Debug|Any CPU
		Release|Any CPU = Release|Any CPU
	EndGlobalSection
	GlobalSection(ProjectConfigurationPlatforms) = postSolution
		{C17EC228-8AF4-4161-BD35-BF11DDB3BDF5}.Debug|Any CPU.ActiveCfg = Debug|Any CPU
		{C17EC228-8AF4-4161-BD35-BF11DDB3BDF5}.Debug|Any CPU.Build.0 = Debug|Any CPU
		{C17EC228-8AF4-4161-BD35-BF11DDB3BDF5}.Release|Any CPU.ActiveCfg = Release|Any CPU
		{C17EC228-8AF4-4161-BD35-BF11DDB3BDF5}.Release|Any CPU.Build.0 = Release|Any CPU
		{7ABA9CDD-89E8-49F5-9577-04399165BC50}.Debug|Any CPU.ActiveCfg = Debug|Any CPU
		{7ABA9CDD-89E8-49F5-9577-04399165BC50}.Debug|Any CPU.Build.0 = Debug|Any CPU
		{7ABA9CDD-89E8-49F5-9577-04399165BC50}.Release|Any CPU.ActiveCfg = Release|Any CPU
		{7ABA9CDD-89E8-49F5-9577-04399165BC50}.Release|Any CPU.Build.0 = Release|Any CPU
	EndGlobalSection
	GlobalSection(SolutionProperties) = preSolution
		HideSolutionNode = FALSE
	EndGlobalSection
	GlobalSection(ExtensibilityGlobals) = postSolution
		SolutionGuid = {DE0D41B5-7B0E-4023-A3DA-2F3AF4828658}
	EndGlobalSection
EndGlobal
